
Microsoft Visual Studio Solution File, Format Version 12.00
# Visual Studio Version 17
VisualStudioVersion = 17.14.36623.8 d17.14
MinimumVisualStudioVersion = 10.0.40219.1
Project("{FAE04EC0-301F-11D3-BF4B-00C04F79EFBC}") = "Bat_trung", "Bat_trung.csproj", "{FF9B84F3-66A5-4C8B-BCD1-0B421859F3E1}"
EndProject
Global
	GlobalSection(SolutionConfigurationPlatforms) = preSolution
		Debug|Any CPU = Debug|Any CPU
		Release|Any CPU = Release|Any CPU
	EndGlobalSection
	GlobalSection(ProjectConfigurationPlatforms) = postSolution
		{FF9B84F3-66A5-4C8B-BCD1-0B421859F3E1}.Debug|Any CPU.ActiveCfg = Debug|Any CPU
		{FF9B84F3-66A5-4C8B-BCD1-0B421859F3E1}.Debug|Any CPU.Build.0 = Debug|Any CPU
		{FF9B84F3-66A5-4C8B-BCD1-0B421859F3E1}.Release|Any CPU.ActiveCfg = Release|Any CPU
		{FF9B84F3-66A5-4C8B-BCD1-0B421859F3E1}.Release|Any CPU.Build.0 = Release|Any CPU
	EndGlobalSection
	GlobalSection(SolutionProperties) = preSolution
		HideSolutionNode = FALSE
	EndGlobalSection
	GlobalSection(ExtensibilityGlobals) = postSolution
		SolutionGuid = {658DE288-A820-463C-BE55-3DCF858FCA92}
	EndGlobalSection
EndGlobal
